
Microsoft Visual Studio Solution File, Format Version 12.00
# Visual Studio Version 17
VisualStudioVersion = 17.11.35303.130
MinimumVisualStudioVersion = 10.0.40219.1
Project("{FAE04EC0-301F-11D3-BF4B-00C04F79EFBC}") = "count machine", "count machine\count machine.csproj", "{2A722B4C-91D7-46C6-8277-ACC68E665C40}"
EndProject
Global
	GlobalSection(SolutionConfigurationPlatforms) = preSolution
		Debug|Any CPU = Debug|Any CPU
		Release|Any CPU = Release|Any CPU
	EndGlobalSection
	GlobalSection(ProjectConfigurationPlatforms) = postSolution
		{2A722B4C-91D7-46C6-8277-ACC68E665C40}.Debug|Any CPU.ActiveCfg = Debug|Any CPU
		{2A722B4C-91D7-46C6-8277-ACC68E665C40}.Debug|Any CPU.Build.0 = Debug|Any CPU
		{2A722B4C-91D7-46C6-8277-ACC68E665C40}.Release|Any CPU.ActiveCfg = Release|Any CPU
		{2A722B4C-91D7-46C6-8277-ACC68E665C40}.Release|Any CPU.Build.0 = Release|Any CPU
	EndGlobalSection
	GlobalSection(SolutionProperties) = preSolution
		HideSolutionNode = FALSE
	EndGlobalSection
	GlobalSection(ExtensibilityGlobals) = postSolution
		SolutionGuid = {B17CC2EB-0E1C-4E71-AB9C-4AC499EB0A54}
	EndGlobalSection
EndGlobal
